
Microsoft Visual Studio Solution File, Format Version 12.00
# Visual Studio 14
VisualStudioVersion = 14.0.25420.1
MinimumVisualStudioVersion = 10.0.40219.1
Project("{FAE04EC0-301F-11D3-BF4B-00C04F79EFBC}") = "Omicron", "Omicron\Omicron.csproj", "{27543AEC-9F72-4C14-A031-A065925E6EDF}"
EndProject
Project("{FAE04EC0-301F-11D3-BF4B-00C04F79EFBC}") = "Omicron.View", "Omicron.View\Omicron.View.csproj", "{5E2172F7-B24D-45F7-BC8A-F6D24333279B}"
EndProject
Project("{FAE04EC0-301F-11D3-BF4B-00C04F79EFBC}") = "Omicron.ViewModel", "Omicron.ViewModel\Omicron.ViewModel.csproj", "{11AEE5E8-1299-4D3D-BA4B-32E56C342936}"
EndProject
Project("{FAE04EC0-301F-11D3-BF4B-00C04F79EFBC}") = "Omicron.Model", "Omicron.Model\Omicron.Model.csproj", "{F32DAA42-7EED-4350-97E6-F34B19C0EBCE}"
EndProject
Project("{FAE04EC0-301F-11D3-BF4B-00C04F79EFBC}") = "SxjLibrary", "..\SxjLibrary\SxjLibrary\SxjLibrary.csproj", "{9E80E0A7-9C30-40C9-B63D-C64530A1CE6B}"
EndProject
Project("{FAE04EC0-301F-11D3-BF4B-00C04F79EFBC}") = "BingLibrary", "BingLibrary\BingLibrary.csproj", "{4AF25010-F781-4A08-886F-7B40FE1C772F}"
EndProject
Global
	GlobalSection(SolutionConfigurationPlatforms) = preSolution
		Debug|Any CPU = Debug|Any CPU
		Debug|x86 = Debug|x86
		Release|Any CPU = Release|Any CPU
		Release|x86 = Release|x86
	EndGlobalSection
	GlobalSection(ProjectConfigurationPlatforms) = postSolution
		{27543AEC-9F72-4C14-A031-A065925E6EDF}.Debug|Any CPU.ActiveCfg = Debug|Any CPU
		{27543AEC-9F72-4C14-A031-A065925E6EDF}.Debug|Any CPU.Build.0 = Debug|Any CPU
		{27543AEC-9F72-4C14-A031-A065925E6EDF}.Debug|x86.ActiveCfg = Debug|Any CPU
		{27543AEC-9F72-4C14-A031-A065925E6EDF}.Debug|x86.Build.0 = Debug|Any CPU
		{27543AEC-9F72-4C14-A031-A065925E6EDF}.Release|Any CPU.ActiveCfg = Release|Any CPU
		{27543AEC-9F72-4C14-A031-A065925E6EDF}.Release|Any CPU.Build.0 = Release|Any CPU
		{27543AEC-9F72-4C14-A031-A065925E6EDF}.Release|x86.ActiveCfg = Release|Any CPU
		{27543AEC-9F72-4C14-A031-A065925E6EDF}.Release|x86.Build.0 = Release|Any CPU
		{5E2172F7-B24D-45F7-BC8A-F6D24333279B}.Debug|Any CPU.ActiveCfg = Debug|Any CPU
		{5E2172F7-B24D-45F7-BC8A-F6D24333279B}.Debug|Any CPU.Build.0 = Debug|Any CPU
		{5E2172F7-B24D-45F7-BC8A-F6D24333279B}.Debug|x86.ActiveCfg = Debug|Any CPU
		{5E2172F7-B24D-45F7-BC8A-F6D24333279B}.Debug|x86.Build.0 = Debug|Any CPU
		{5E2172F7-B24D-45F7-BC8A-F6D24333279B}.Release|Any CPU.ActiveCfg = Release|Any CPU
		{5E2172F7-B24D-45F7-BC8A-F6D24333279B}.Release|Any CPU.Build.0 = Release|Any CPU
		{5E2172F7-B24D-45F7-BC8A-F6D24333279B}.Release|x86.ActiveCfg = Release|Any CPU
		{5E2172F7-B24D-45F7-BC8A-F6D24333279B}.Release|x86.Build.0 = Release|Any CPU
		{11AEE5E8-1299-4D3D-BA4B-32E56C342936}.Debug|Any CPU.ActiveCfg = Debug|Any CPU
		{11AEE5E8-1299-4D3D-BA4B-32E56C342936}.Debug|Any CPU.Build.0 = Debug|Any CPU
		{11AEE5E8-1299-4D3D-BA4B-32E56C342936}.Debug|x86.ActiveCfg = Debug|Any CPU
		{11AEE5E8-1299-4D3D-BA4B-32E56C342936}.Debug|x86.Build.0 = Debug|Any CPU
		{11AEE5E8-1299-4D3D-BA4B-32E56C342936}.Release|Any CPU.ActiveCfg = Release|Any CPU
		{11AEE5E8-1299-4D3D-BA4B-32E56C342936}.Release|Any CPU.Build.0 = Release|Any CPU
		{11AEE5E8-1299-4D3D-BA4B-32E56C342936}.Release|x86.ActiveCfg = Release|Any CPU
		{11AEE5E8-1299-4D3D-BA4B-32E56C342936}.Release|x86.Build.0 = Release|Any CPU
		{F32DAA42-7EED-4350-97E6-F34B19C0EBCE}.Debug|Any CPU.ActiveCfg = Debug|Any CPU
		{F32DAA42-7EED-4350-97E6-F34B19C0EBCE}.Debug|Any CPU.Build.0 = Debug|Any CPU
		{F32DAA42-7EED-4350-97E6-F34B19C0EBCE}.Debug|x86.ActiveCfg = Debug|Any CPU
		{F32DAA42-7EED-4350-97E6-F34B19C0EBCE}.Debug|x86.Build.0 = Debug|Any CPU
		{F32DAA42-7EED-4350-97E6-F34B19C0EBCE}.Release|Any CPU.ActiveCfg = Release|Any CPU
		{F32DAA42-7EED-4350-97E6-F34B19C0EBCE}.Release|Any CPU.Build.0 = Release|Any CPU
		{F32DAA42-7EED-4350-97E6-F34B19C0EBCE}.Release|x86.ActiveCfg = Release|Any CPU
		{F32DAA42-7EED-4350-97E6-F34B19C0EBCE}.Release|x86.Build.0 = Release|Any CPU
		{9E80E0A7-9C30-40C9-B63D-C64530A1CE6B}.Debug|Any CPU.ActiveCfg = Debug|Any CPU
		{9E80E0A7-9C30-40C9-B63D-C64530A1CE6B}.Debug|Any CPU.Build.0 = Debug|Any CPU
		{9E80E0A7-9C30-40C9-B63D-C64530A1CE6B}.Debug|x86.ActiveCfg = Debug|Any CPU
		{9E80E0A7-9C30-40C9-B63D-C64530A1CE6B}.Debug|x86.Build.0 = Debug|Any CPU
		{9E80E0A7-9C30-40C9-B63D-C64530A1CE6B}.Release|Any CPU.ActiveCfg = Release|Any CPU
		{9E80E0A7-9C30-40C9-B63D-C64530A1CE6B}.Release|Any CPU.Build.0 = Release|Any CPU
		{9E80E0A7-9C30-40C9-B63D-C64530A1CE6B}.Release|x86.ActiveCfg = Release|Any CPU
		{9E80E0A7-9C30-40C9-B63D-C64530A1CE6B}.Release|x86.Build.0 = Release|Any CPU
		{4AF25010-F781-4A08-886F-7B40FE1C772F}.Debug|Any CPU.ActiveCfg = Debug|Any CPU
		{4AF25010-F781-4A08-886F-7B40FE1C772F}.Debug|Any CPU.Build.0 = Debug|Any CPU
		{4AF25010-F781-4A08-886F-7B40FE1C772F}.Debug|x86.ActiveCfg = Debug|x86
		{4AF25010-F781-4A08-886F-7B40FE1C772F}.Debug|x86.Build.0 = Debug|x86
		{4AF25010-F781-4A08-886F-7B40FE1C772F}.Release|Any CPU.ActiveCfg = Release|Any CPU
		{4AF25010-F781-4A08-886F-7B40FE1C772F}.Release|Any CPU.Build.0 = Release|Any CPU
		{4AF25010-F781-4A08-886F-7B40FE1C772F}.Release|x86.ActiveCfg = Release|x86
		{4AF25010-F781-4A08-886F-7B40FE1C772F}.Release|x86.Build.0 = Release|x86
	EndGlobalSection
	GlobalSection(SolutionProperties) = preSolution
		HideSolutionNode = FALSE
	EndGlobalSection
EndGlobal
